// !$*UTF8*$!
{
	archiveVersion = 1;
	classes = {
	};
	objectVersion = 60;
	objects = {

/* Begin PBXBuildFile section */
		6B5F9C992AF8078100CBFD19 /* NukeExtensions in Frameworks */ = {isa = PBXBuildFile; productRef = 6B5F9C982AF8078100CBFD19 /* NukeExtensions */; };
		6BAB1BFC2AFAAD810055D913 /* Localizable.xcstrings in Resources */ = {isa = PBXBuildFile; fileRef = 6BAB1BFB2AFAAD810055D913 /* Localizable.xcstrings */; };
		6BD0FF1F2AF64E7F00CC9579 /* SwiftlyApp.swift in Sources */ = {isa = PBXBuildFile; fileRef = 6BD0FF1E2AF64E7F00CC9579 /* SwiftlyApp.swift */; };
		6BD0FF212AF64E7F00CC9579 /* ContentView.swift in Sources */ = {isa = PBXBuildFile; fileRef = 6BD0FF202AF64E7F00CC9579 /* ContentView.swift */; };
		6BD0FF232AF64E8000CC9579 /* Assets.xcassets in Resources */ = {isa = PBXBuildFile; fileRef = 6BD0FF222AF64E8000CC9579 /* Assets.xcassets */; };
		6BD0FF272AF64E8000CC9579 /* Preview Assets.xcassets in Resources */ = {isa = PBXBuildFile; fileRef = 6BD0FF262AF64E8000CC9579 /* Preview Assets.xcassets */; };
		6BD0FF3B2AF64E8000CC9579 /* SwiftlyUITests.swift in Sources */ = {isa = PBXBuildFile; fileRef = 6BD0FF3A2AF64E8000CC9579 /* SwiftlyUITests.swift */; };
		6BD0FF3D2AF64E8000CC9579 /* SwiftlyUITestsLaunchTests.swift in Sources */ = {isa = PBXBuildFile; fileRef = 6BD0FF3C2AF64E8000CC9579 /* SwiftlyUITestsLaunchTests.swift */; };
		6BD0FF4C2AF6574900CC9579 /* SwiftlyModule.swift in Sources */ = {isa = PBXBuildFile; fileRef = 6BD0FF4B2AF6574900CC9579 /* SwiftlyModule.swift */; };
		6BD0FF4E2AF668BC00CC9579 /* Core in Frameworks */ = {isa = PBXBuildFile; productRef = 6BD0FF4D2AF668BC00CC9579 /* Core */; };
		6BD0FF512AF6696700CC9579 /* Core in Frameworks */ = {isa = PBXBuildFile; productRef = 6BD0FF502AF6696700CC9579 /* Core */; };
		6BD0FF562AF6C77C00CC9579 /* Nuke in Frameworks */ = {isa = PBXBuildFile; productRef = 6BD0FF552AF6C77C00CC9579 /* Nuke */; };
		6BD0FF5A2AF6C77C00CC9579 /* NukeUI in Frameworks */ = {isa = PBXBuildFile; productRef = 6BD0FF592AF6C77C00CC9579 /* NukeUI */; };
/* End PBXBuildFile section */

/* Begin PBXContainerItemProxy section */
		6BD0FF2D2AF64E8000CC9579 /* PBXContainerItemProxy */ = {
			isa = PBXContainerItemProxy;
			containerPortal = 6BD0FF132AF64E7F00CC9579 /* Project object */;
			proxyType = 1;
			remoteGlobalIDString = 6BD0FF1A2AF64E7F00CC9579;
			remoteInfo = Swiftly;
		};
		6BD0FF372AF64E8000CC9579 /* PBXContainerItemProxy */ = {
			isa = PBXContainerItemProxy;
			containerPortal = 6BD0FF132AF64E7F00CC9579 /* Project object */;
			proxyType = 1;
			remoteGlobalIDString = 6BD0FF1A2AF64E7F00CC9579;
			remoteInfo = Swiftly;
		};
/* End PBXContainerItemProxy section */

/* Begin PBXFileReference section */
		6BAB1BFB2AFAAD810055D913 /* Localizable.xcstrings */ = {isa = PBXFileReference; lastKnownFileType = text.json.xcstrings; path = Localizable.xcstrings; sourceTree = "<group>"; };
		6BD0FF1B2AF64E7F00CC9579 /* Swiftly.app */ = {isa = PBXFileReference; explicitFileType = wrapper.application; includeInIndex = 0; path = Swiftly.app; sourceTree = BUILT_PRODUCTS_DIR; };
		6BD0FF1E2AF64E7F00CC9579 /* SwiftlyApp.swift */ = {isa = PBXFileReference; lastKnownFileType = sourcecode.swift; path = SwiftlyApp.swift; sourceTree = "<group>"; };
		6BD0FF202AF64E7F00CC9579 /* ContentView.swift */ = {isa = PBXFileReference; lastKnownFileType = sourcecode.swift; path = ContentView.swift; sourceTree = "<group>"; };
		6BD0FF222AF64E8000CC9579 /* Assets.xcassets */ = {isa = PBXFileReference; lastKnownFileType = folder.assetcatalog; path = Assets.xcassets; sourceTree = "<group>"; };
		6BD0FF242AF64E8000CC9579 /* Swiftly.entitlements */ = {isa = PBXFileReference; lastKnownFileType = text.plist.entitlements; path = Swiftly.entitlements; sourceTree = "<group>"; };
		6BD0FF262AF64E8000CC9579 /* Preview Assets.xcassets */ = {isa = PBXFileReference; lastKnownFileType = folder.assetcatalog; path = "Preview Assets.xcassets"; sourceTree = "<group>"; };
		6BD0FF2C2AF64E8000CC9579 /* SwiftlyTests.xctest */ = {isa = PBXFileReference; explicitFileType = wrapper.cfbundle; includeInIndex = 0; path = SwiftlyTests.xctest; sourceTree = BUILT_PRODUCTS_DIR; };
		6BD0FF302AF64E8000CC9579 /* SwiftlyModuleTests.swift */ = {isa = PBXFileReference; lastKnownFileType = sourcecode.swift; path = SwiftlyModuleTests.swift; sourceTree = "<group>"; };
		6BD0FF362AF64E8000CC9579 /* SwiftlyUITests.xctest */ = {isa = PBXFileReference; explicitFileType = wrapper.cfbundle; includeInIndex = 0; path = SwiftlyUITests.xctest; sourceTree = BUILT_PRODUCTS_DIR; };
		6BD0FF3A2AF64E8000CC9579 /* SwiftlyUITests.swift */ = {isa = PBXFileReference; lastKnownFileType = sourcecode.swift; path = SwiftlyUITests.swift; sourceTree = "<group>"; };
		6BD0FF3C2AF64E8000CC9579 /* SwiftlyUITestsLaunchTests.swift */ = {isa = PBXFileReference; lastKnownFileType = sourcecode.swift; path = SwiftlyUITestsLaunchTests.swift; sourceTree = "<group>"; };
		6BD0FF492AF64E9600CC9579 /* Core */ = {isa = PBXFileReference; lastKnownFileType = text; path = Core; sourceTree = SOURCE_ROOT; };
		6BD0FF4B2AF6574900CC9579 /* SwiftlyModule.swift */ = {isa = PBXFileReference; lastKnownFileType = sourcecode.swift; path = SwiftlyModule.swift; sourceTree = "<group>"; };
		6BD0FF522AF6B7B000CC9579 /* XCTest.framework */ = {isa = PBXFileReference; lastKnownFileType = wrapper.framework; name = XCTest.framework; path = Platforms/MacOSX.platform/Developer/Library/Frameworks/XCTest.framework; sourceTree = DEVELOPER_DIR; };
		6BD0FF5B2AF7C9B000CC9579 /* Info.plist */ = {isa = PBXFileReference; lastKnownFileType = text.plist; path = Info.plist; sourceTree = "<group>"; };
/* End PBXFileReference section */

/* Begin PBXFrameworksBuildPhase section */
		6BD0FF182AF64E7F00CC9579 /* Frameworks */ = {
			isa = PBXFrameworksBuildPhase;
			buildActionMask = 2147483647;
			files = (
				6BD0FF512AF6696700CC9579 /* Core in Frameworks */,
				6B5F9C992AF8078100CBFD19 /* NukeExtensions in Frameworks */,
				6BD0FF562AF6C77C00CC9579 /* Nuke in Frameworks */,
				6BD0FF5A2AF6C77C00CC9579 /* NukeUI in Frameworks */,
			);
			runOnlyForDeploymentPostprocessing = 0;
		};
		6BD0FF292AF64E8000CC9579 /* Frameworks */ = {
			isa = PBXFrameworksBuildPhase;
			buildActionMask = 2147483647;
			files = (
				6BD0FF4E2AF668BC00CC9579 /* Core in Frameworks */,
			);
			runOnlyForDeploymentPostprocessing = 0;
		};
		6BD0FF332AF64E8000CC9579 /* Frameworks */ = {
			isa = PBXFrameworksBuildPhase;
			buildActionMask = 2147483647;
			files = (
			);
			runOnlyForDeploymentPostprocessing = 0;
		};
/* End PBXFrameworksBuildPhase section */

/* Begin PBXGroup section */
		6BD0FF122AF64E7F00CC9579 = {
			isa = PBXGroup;
			children = (
				6BD0FF492AF64E9600CC9579 /* Core */,
				6BD0FF1D2AF64E7F00CC9579 /* Swiftly */,
				6BD0FF2F2AF64E8000CC9579 /* SwiftlyTests */,
				6BD0FF392AF64E8000CC9579 /* SwiftlyUITests */,
				6BD0FF1C2AF64E7F00CC9579 /* Products */,
				6BD0FF4A2AF6521D00CC9579 /* Frameworks */,
				B032C9C847E5B8D0EE43D646 /* xcschemes */,
				B032C5BB4663CD1DD6C14B14 /* .fleet */,
			);
			sourceTree = "<group>";
		};
		6BD0FF1C2AF64E7F00CC9579 /* Products */ = {
			isa = PBXGroup;
			children = (
				6BD0FF1B2AF64E7F00CC9579 /* Swiftly.app */,
				6BD0FF2C2AF64E8000CC9579 /* SwiftlyTests.xctest */,
				6BD0FF362AF64E8000CC9579 /* SwiftlyUITests.xctest */,
			);
			name = Products;
			sourceTree = "<group>";
		};
		6BD0FF1D2AF64E7F00CC9579 /* Swiftly */ = {
			isa = PBXGroup;
			children = (
				6BD0FF5B2AF7C9B000CC9579 /* Info.plist */,
				6BD0FF222AF64E8000CC9579 /* Assets.xcassets */,
				6BD0FF202AF64E7F00CC9579 /* ContentView.swift */,
				6BD0FF252AF64E8000CC9579 /* Preview Content */,
				6BD0FF242AF64E8000CC9579 /* Swiftly.entitlements */,
				6BD0FF1E2AF64E7F00CC9579 /* SwiftlyApp.swift */,
				6BD0FF4B2AF6574900CC9579 /* SwiftlyModule.swift */,
				6BAB1BFB2AFAAD810055D913 /* Localizable.xcstrings */,
			);
			path = Swiftly;
			sourceTree = "<group>";
		};
		6BD0FF252AF64E8000CC9579 /* Preview Content */ = {
			isa = PBXGroup;
			children = (
				6BD0FF262AF64E8000CC9579 /* Preview Assets.xcassets */,
			);
			path = "Preview Content";
			sourceTree = "<group>";
		};
		6BD0FF2F2AF64E8000CC9579 /* SwiftlyTests */ = {
			isa = PBXGroup;
			children = (
				6BD0FF302AF64E8000CC9579 /* SwiftlyModuleTests.swift */,
			);
			path = SwiftlyTests;
			sourceTree = "<group>";
		};
		6BD0FF392AF64E8000CC9579 /* SwiftlyUITests */ = {
			isa = PBXGroup;
			children = (
				6BD0FF3A2AF64E8000CC9579 /* SwiftlyUITests.swift */,
				6BD0FF3C2AF64E8000CC9579 /* SwiftlyUITestsLaunchTests.swift */,
			);
			path = SwiftlyUITests;
			sourceTree = "<group>";
		};
		6BD0FF4A2AF6521D00CC9579 /* Frameworks */ = {
			isa = PBXGroup;
			children = (
				6BD0FF522AF6B7B000CC9579 /* XCTest.framework */,
			);
			name = Frameworks;
			sourceTree = "<group>";
		};
		B032C5BB4663CD1DD6C14B14 /* .fleet */ = {
			isa = PBXGroup;
			children = (
			);
			path = .fleet;
			sourceTree = "<group>";
		};
		B032C9C847E5B8D0EE43D646 /* xcschemes */ = {
			isa = PBXGroup;
			children = (
			);
			name = xcschemes;
			path = Swiftly.xcodeproj/project.xcworkspace/xcuserdata/davide.xcuserdatad/xcschemes;
			sourceTree = "<group>";
		};
/* End PBXGroup section */

/* Begin PBXNativeTarget section */
		6BD0FF1A2AF64E7F00CC9579 /* Swiftly */ = {
			isa = PBXNativeTarget;
			buildConfigurationList = 6BD0FF402AF64E8000CC9579 /* Build configuration list for PBXNativeTarget "Swiftly" */;
			buildPhases = (
				6BD0FF172AF64E7F00CC9579 /* Sources */,
				6BD0FF182AF64E7F00CC9579 /* Frameworks */,
				6BD0FF192AF64E7F00CC9579 /* Resources */,
				6BE4BFB32AF8CEDB00B6BF57 /* SwiftLint */,
			);
			buildRules = (
			);
			dependencies = (
			);
			name = Swiftly;
			packageProductDependencies = (
				6BD0FF502AF6696700CC9579 /* Core */,
				6BD0FF552AF6C77C00CC9579 /* Nuke */,
				6BD0FF592AF6C77C00CC9579 /* NukeUI */,
				6B5F9C982AF8078100CBFD19 /* NukeExtensions */,
			);
			productName = Swiftly;
			productReference = 6BD0FF1B2AF64E7F00CC9579 /* Swiftly.app */;
			productType = "com.apple.product-type.application";
		};
		6BD0FF2B2AF64E8000CC9579 /* SwiftlyTests */ = {
			isa = PBXNativeTarget;
			buildConfigurationList = 6BD0FF432AF64E8000CC9579 /* Build configuration list for PBXNativeTarget "SwiftlyTests" */;
			buildPhases = (
				6BD0FF282AF64E8000CC9579 /* Sources */,
				6BD0FF292AF64E8000CC9579 /* Frameworks */,
				6BD0FF2A2AF64E8000CC9579 /* Resources */,
			);
			buildRules = (
			);
			dependencies = (
				6BD0FF2E2AF64E8000CC9579 /* PBXTargetDependency */,
			);
			name = SwiftlyTests;
			packageProductDependencies = (
				6BD0FF4D2AF668BC00CC9579 /* Core */,
			);
			productName = SwiftlyTests;
			productReference = 6BD0FF2C2AF64E8000CC9579 /* SwiftlyTests.xctest */;
			productType = "com.apple.product-type.bundle.unit-test";
		};
		6BD0FF352AF64E8000CC9579 /* SwiftlyUITests */ = {
			isa = PBXNativeTarget;
			buildConfigurationList = 6BD0FF462AF64E8000CC9579 /* Build configuration list for PBXNativeTarget "SwiftlyUITests" */;
			buildPhases = (
				6BD0FF322AF64E8000CC9579 /* Sources */,
				6BD0FF332AF64E8000CC9579 /* Frameworks */,
				6BD0FF342AF64E8000CC9579 /* Resources */,
			);
			buildRules = (
			);
			dependencies = (
				6BD0FF382AF64E8000CC9579 /* PBXTargetDependency */,
			);
			name = SwiftlyUITests;
			productName = SwiftlyUITests;
			productReference = 6BD0FF362AF64E8000CC9579 /* SwiftlyUITests.xctest */;
			productType = "com.apple.product-type.bundle.ui-testing";
		};
/* End PBXNativeTarget section */

/* Begin PBXProject section */
		6BD0FF132AF64E7F00CC9579 /* Project object */ = {
			isa = PBXProject;
			attributes = {
				BuildIndependentTargetsInParallel = 1;
				LastSwiftUpdateCheck = 1500;
				LastUpgradeCheck = 1500;
				TargetAttributes = {
					6BD0FF1A2AF64E7F00CC9579 = {
						CreatedOnToolsVersion = 15.0.1;
					};
					6BD0FF2B2AF64E8000CC9579 = {
						CreatedOnToolsVersion = 15.0.1;
						TestTargetID = 6BD0FF1A2AF64E7F00CC9579;
					};
					6BD0FF352AF64E8000CC9579 = {
						CreatedOnToolsVersion = 15.0.1;
						TestTargetID = 6BD0FF1A2AF64E7F00CC9579;
					};
				};
			};
			buildConfigurationList = 6BD0FF162AF64E7F00CC9579 /* Build configuration list for PBXProject "Swiftly" */;
			compatibilityVersion = "Xcode 14.0";
			developmentRegion = en;
			hasScannedForEncodings = 0;
			knownRegions = (
				en,
				Base,
			);
			mainGroup = 6BD0FF122AF64E7F00CC9579;
			packageReferences = (
				6BD0FF4F2AF6696700CC9579 /* XCLocalSwiftPackageReference "Core" */,
				6BD0FF542AF6C77C00CC9579 /* XCRemoteSwiftPackageReference "Nuke" */,
			);
			productRefGroup = 6BD0FF1C2AF64E7F00CC9579 /* Products */;
			projectDirPath = "";
			projectRoot = "";
			targets = (
				6BD0FF1A2AF64E7F00CC9579 /* Swiftly */,
				6BD0FF2B2AF64E8000CC9579 /* SwiftlyTests */,
				6BD0FF352AF64E8000CC9579 /* SwiftlyUITests */,
			);
		};
/* End PBXProject section */

/* Begin PBXResourcesBuildPhase section */
		6BD0FF192AF64E7F00CC9579 /* Resources */ = {
			isa = PBXResourcesBuildPhase;
			buildActionMask = 2147483647;
			files = (
				6BD0FF272AF64E8000CC9579 /* Preview Assets.xcassets in Resources */,
				6BD0FF232AF64E8000CC9579 /* Assets.xcassets in Resources */,
				6BAB1BFC2AFAAD810055D913 /* Localizable.xcstrings in Resources */,
			);
			runOnlyForDeploymentPostprocessing = 0;
		};
		6BD0FF2A2AF64E8000CC9579 /* Resources */ = {
			isa = PBXResourcesBuildPhase;
			buildActionMask = 2147483647;
			files = (
			);
			runOnlyForDeploymentPostprocessing = 0;
		};
		6BD0FF342AF64E8000CC9579 /* Resources */ = {
			isa = PBXResourcesBuildPhase;
			buildActionMask = 2147483647;
			files = (
			);
			runOnlyForDeploymentPostprocessing = 0;
		};
/* End PBXResourcesBuildPhase section */

/* Begin PBXShellScriptBuildPhase section */
		6BE4BFB32AF8CEDB00B6BF57 /* SwiftLint */ = {
			isa = PBXShellScriptBuildPhase;
			buildActionMask = 2147483647;
			files = (
			);
			inputFileListPaths = (
			);
			inputPaths = (
				"$(SRCROOT)/swiftlint",
			);
			name = SwiftLint;
			outputFileListPaths = (
			);
			outputPaths = (
				"$(DERIVED_FILE_DIR)/swiftlint",
			);
			runOnlyForDeploymentPostprocessing = 0;
			shellPath = /bin/sh;
			shellScript = "if [[ \"$(uname -m)\" == arm64 ]]; then\n    export PATH=\"/opt/homebrew/bin:$PATH\"\nfi\n\nif which swiftlint > /dev/null; then\n  swiftlint\nelse\n  echo \"warning: SwiftLint not installed, download from https://github.com/realm/SwiftLint\"\nfi\n";
		};
/* End PBXShellScriptBuildPhase section */

/* Begin PBXSourcesBuildPhase section */
		6BD0FF172AF64E7F00CC9579 /* Sources */ = {
			isa = PBXSourcesBuildPhase;
			buildActionMask = 2147483647;
			files = (
				6BD0FF4C2AF6574900CC9579 /* SwiftlyModule.swift in Sources */,
				6BD0FF212AF64E7F00CC9579 /* ContentView.swift in Sources */,
				6BD0FF1F2AF64E7F00CC9579 /* SwiftlyApp.swift in Sources */,
			);
			runOnlyForDeploymentPostprocessing = 0;
		};
		6BD0FF282AF64E8000CC9579 /* Sources */ = {
			isa = PBXSourcesBuildPhase;
			buildActionMask = 2147483647;
			files = (
			);
			runOnlyForDeploymentPostprocessing = 0;
		};
		6BD0FF322AF64E8000CC9579 /* Sources */ = {
			isa = PBXSourcesBuildPhase;
			buildActionMask = 2147483647;
			files = (
				6BD0FF3B2AF64E8000CC9579 /* SwiftlyUITests.swift in Sources */,
				6BD0FF3D2AF64E8000CC9579 /* SwiftlyUITestsLaunchTests.swift in Sources */,
			);
			runOnlyForDeploymentPostprocessing = 0;
		};
/* End PBXSourcesBuildPhase section */

/* Begin PBXTargetDependency section */
		6BD0FF2E2AF64E8000CC9579 /* PBXTargetDependency */ = {
			isa = PBXTargetDependency;
			target = 6BD0FF1A2AF64E7F00CC9579 /* Swiftly */;
			targetProxy = 6BD0FF2D2AF64E8000CC9579 /* PBXContainerItemProxy */;
		};
		6BD0FF382AF64E8000CC9579 /* PBXTargetDependency */ = {
			isa = PBXTargetDependency;
			target = 6BD0FF1A2AF64E7F00CC9579 /* Swiftly */;
			targetProxy = 6BD0FF372AF64E8000CC9579 /* PBXContainerItemProxy */;
		};
/* End PBXTargetDependency section */

/* Begin XCBuildConfiguration section */
		6BD0FF3E2AF64E8000CC9579 /* Debug */ = {
			isa = XCBuildConfiguration;
			buildSettings = {
				ALWAYS_SEARCH_USER_PATHS = NO;
				ASSETCATALOG_COMPILER_GENERATE_SWIFT_ASSET_SYMBOL_EXTENSIONS = YES;
				CLANG_ANALYZER_NONNULL = YES;
				CLANG_ANALYZER_NUMBER_OBJECT_CONVERSION = YES_AGGRESSIVE;
				CLANG_CXX_LANGUAGE_STANDARD = "gnu++20";
				CLANG_ENABLE_MODULES = YES;
				CLANG_ENABLE_OBJC_ARC = YES;
				CLANG_ENABLE_OBJC_WEAK = YES;
				CLANG_WARN_BLOCK_CAPTURE_AUTORELEASING = YES;
				CLANG_WARN_BOOL_CONVERSION = YES;
				CLANG_WARN_COMMA = YES;
				CLANG_WARN_CONSTANT_CONVERSION = YES;
				CLANG_WARN_DEPRECATED_OBJC_IMPLEMENTATIONS = YES;
				CLANG_WARN_DIRECT_OBJC_ISA_USAGE = YES_ERROR;
				CLANG_WARN_DOCUMENTATION_COMMENTS = YES;
				CLANG_WARN_EMPTY_BODY = YES;
				CLANG_WARN_ENUM_CONVERSION = YES;
				CLANG_WARN_INFINITE_RECURSION = YES;
				CLANG_WARN_INT_CONVERSION = YES;
				CLANG_WARN_NON_LITERAL_NULL_CONVERSION = YES;
				CLANG_WARN_OBJC_IMPLICIT_RETAIN_SELF = YES;
				CLANG_WARN_OBJC_LITERAL_CONVERSION = YES;
				CLANG_WARN_OBJC_ROOT_CLASS = YES_ERROR;
				CLANG_WARN_QUOTED_INCLUDE_IN_FRAMEWORK_HEADER = YES;
				CLANG_WARN_RANGE_LOOP_ANALYSIS = YES;
				CLANG_WARN_STRICT_PROTOTYPES = YES;
				CLANG_WARN_SUSPICIOUS_MOVE = YES;
				CLANG_WARN_UNGUARDED_AVAILABILITY = YES_AGGRESSIVE;
				CLANG_WARN_UNREACHABLE_CODE = YES;
				CLANG_WARN__DUPLICATE_METHOD_MATCH = YES;
				COPY_PHASE_STRIP = NO;
				DEBUG_INFORMATION_FORMAT = dwarf;
				ENABLE_STRICT_OBJC_MSGSEND = YES;
				ENABLE_TESTABILITY = YES;
				ENABLE_TESTING_SEARCH_PATHS = YES;
				ENABLE_USER_SCRIPT_SANDBOXING = NO;
				GCC_C_LANGUAGE_STANDARD = gnu17;
				GCC_DYNAMIC_NO_PIC = NO;
				GCC_NO_COMMON_BLOCKS = YES;
				GCC_OPTIMIZATION_LEVEL = 0;
				GCC_PREPROCESSOR_DEFINITIONS = (
					"DEBUG=1",
					"$(inherited)",
				);
				GCC_WARN_64_TO_32_BIT_CONVERSION = YES;
				GCC_WARN_ABOUT_RETURN_TYPE = YES_ERROR;
				GCC_WARN_UNDECLARED_SELECTOR = YES;
				GCC_WARN_UNINITIALIZED_AUTOS = YES_AGGRESSIVE;
				GCC_WARN_UNUSED_FUNCTION = YES;
				GCC_WARN_UNUSED_VARIABLE = YES;
				LOCALIZATION_PREFERS_STRING_CATALOGS = YES;
				MTL_ENABLE_DEBUG_INFO = INCLUDE_SOURCE;
				MTL_FAST_MATH = YES;
				ONLY_ACTIVE_ARCH = YES;
				SWIFT_ACTIVE_COMPILATION_CONDITIONS = "DEBUG $(inherited)";
				SWIFT_OPTIMIZATION_LEVEL = "-Onone";
			};
			name = Debug;
		};
		6BD0FF3F2AF64E8000CC9579 /* Release */ = {
			isa = XCBuildConfiguration;
			buildSettings = {
				ALWAYS_SEARCH_USER_PATHS = NO;
				ASSETCATALOG_COMPILER_GENERATE_SWIFT_ASSET_SYMBOL_EXTENSIONS = YES;
				CLANG_ANALYZER_NONNULL = YES;
				CLANG_ANALYZER_NUMBER_OBJECT_CONVERSION = YES_AGGRESSIVE;
				CLANG_CXX_LANGUAGE_STANDARD = "gnu++20";
				CLANG_ENABLE_MODULES = YES;
				CLANG_ENABLE_OBJC_ARC = YES;
				CLANG_ENABLE_OBJC_WEAK = YES;
				CLANG_WARN_BLOCK_CAPTURE_AUTORELEASING = YES;
				CLANG_WARN_BOOL_CONVERSION = YES;
				CLANG_WARN_COMMA = YES;
				CLANG_WARN_CONSTANT_CONVERSION = YES;
				CLANG_WARN_DEPRECATED_OBJC_IMPLEMENTATIONS = YES;
				CLANG_WARN_DIRECT_OBJC_ISA_USAGE = YES_ERROR;
				CLANG_WARN_DOCUMENTATION_COMMENTS = YES;
				CLANG_WARN_EMPTY_BODY = YES;
				CLANG_WARN_ENUM_CONVERSION = YES;
				CLANG_WARN_INFINITE_RECURSION = YES;
				CLANG_WARN_INT_CONVERSION = YES;
				CLANG_WARN_NON_LITERAL_NULL_CONVERSION = YES;
				CLANG_WARN_OBJC_IMPLICIT_RETAIN_SELF = YES;
				CLANG_WARN_OBJC_LITERAL_CONVERSION = YES;
				CLANG_WARN_OBJC_ROOT_CLASS = YES_ERROR;
				CLANG_WARN_QUOTED_INCLUDE_IN_FRAMEWORK_HEADER = YES;
				CLANG_WARN_RANGE_LOOP_ANALYSIS = YES;
				CLANG_WARN_STRICT_PROTOTYPES = YES;
				CLANG_WARN_SUSPICIOUS_MOVE = YES;
				CLANG_WARN_UNGUARDED_AVAILABILITY = YES_AGGRESSIVE;
				CLANG_WARN_UNREACHABLE_CODE = YES;
				CLANG_WARN__DUPLICATE_METHOD_MATCH = YES;
				COPY_PHASE_STRIP = NO;
				DEBUG_INFORMATION_FORMAT = "dwarf-with-dsym";
				ENABLE_NS_ASSERTIONS = NO;
				ENABLE_STRICT_OBJC_MSGSEND = YES;
				ENABLE_TESTING_SEARCH_PATHS = YES;
				ENABLE_USER_SCRIPT_SANDBOXING = NO;
				GCC_C_LANGUAGE_STANDARD = gnu17;
				GCC_NO_COMMON_BLOCKS = YES;
				GCC_WARN_64_TO_32_BIT_CONVERSION = YES;
				GCC_WARN_ABOUT_RETURN_TYPE = YES_ERROR;
				GCC_WARN_UNDECLARED_SELECTOR = YES;
				GCC_WARN_UNINITIALIZED_AUTOS = YES_AGGRESSIVE;
				GCC_WARN_UNUSED_FUNCTION = YES;
				GCC_WARN_UNUSED_VARIABLE = YES;
				LOCALIZATION_PREFERS_STRING_CATALOGS = YES;
				MTL_ENABLE_DEBUG_INFO = NO;
				MTL_FAST_MATH = YES;
				SWIFT_COMPILATION_MODE = wholemodule;
			};
			name = Release;
		};
		6BD0FF412AF64E8000CC9579 /* Debug */ = {
			isa = XCBuildConfiguration;
			buildSettings = {
				ASSETCATALOG_COMPILER_APPICON_NAME = AppIcon;
				ASSETCATALOG_COMPILER_GLOBAL_ACCENT_COLOR_NAME = AccentColor;
				CODE_SIGN_ENTITLEMENTS = Swiftly/Swiftly.entitlements;
				CODE_SIGN_STYLE = Automatic;
				CURRENT_PROJECT_VERSION = 1;
				DEVELOPMENT_ASSET_PATHS = "\"Swiftly/Preview Content\"";
				DEVELOPMENT_TEAM = A7Q83J6LR4;
				ENABLE_HARDENED_RUNTIME = YES;
				ENABLE_PREVIEWS = YES;
				GENERATE_INFOPLIST_FILE = YES;
				INFOPLIST_FILE = Swiftly/Info.plist;
				INFOPLIST_KEY_LSApplicationCategoryType = "public.app-category.travel";
				"INFOPLIST_KEY_UIApplicationSceneManifest_Generation[sdk=iphoneos*]" = YES;
				"INFOPLIST_KEY_UIApplicationSceneManifest_Generation[sdk=iphonesimulator*]" = YES;
				"INFOPLIST_KEY_UIApplicationSupportsIndirectInputEvents[sdk=iphoneos*]" = YES;
				"INFOPLIST_KEY_UIApplicationSupportsIndirectInputEvents[sdk=iphonesimulator*]" = YES;
				"INFOPLIST_KEY_UILaunchScreen_Generation[sdk=iphoneos*]" = YES;
				"INFOPLIST_KEY_UILaunchScreen_Generation[sdk=iphonesimulator*]" = YES;
				"INFOPLIST_KEY_UIStatusBarStyle[sdk=iphoneos*]" = UIStatusBarStyleDefault;
				"INFOPLIST_KEY_UIStatusBarStyle[sdk=iphonesimulator*]" = UIStatusBarStyleDefault;
				INFOPLIST_KEY_UISupportedInterfaceOrientations_iPad = "UIInterfaceOrientationPortrait UIInterfaceOrientationPortraitUpsideDown UIInterfaceOrientationLandscapeLeft UIInterfaceOrientationLandscapeRight";
				INFOPLIST_KEY_UISupportedInterfaceOrientations_iPhone = "UIInterfaceOrientationPortrait UIInterfaceOrientationLandscapeLeft UIInterfaceOrientationLandscapeRight";
				IPHONEOS_DEPLOYMENT_TARGET = 17.0;
				LD_RUNPATH_SEARCH_PATHS = "@executable_path/Frameworks";
				"LD_RUNPATH_SEARCH_PATHS[sdk=macosx*]" = "@executable_path/../Frameworks";
				MACOSX_DEPLOYMENT_TARGET = 14.0;
				MARKETING_VERSION = 1.0;
				PRODUCT_BUNDLE_IDENTIFIER = fardavide.swiftly.Swiftly;
				PRODUCT_NAME = "$(TARGET_NAME)";
				SDKROOT = auto;
				SUPPORTED_PLATFORMS = "iphoneos iphonesimulator macosx";
				SWIFT_EMIT_LOC_STRINGS = YES;
				SWIFT_VERSION = 5.0;
				TARGETED_DEVICE_FAMILY = "1,2";
			};
			name = Debug;
		};
		6BD0FF422AF64E8000CC9579 /* Release */ = {
			isa = XCBuildConfiguration;
			buildSettings = {
				ASSETCATALOG_COMPILER_APPICON_NAME = AppIcon;
				ASSETCATALOG_COMPILER_GLOBAL_ACCENT_COLOR_NAME = AccentColor;
				CODE_SIGN_ENTITLEMENTS = Swiftly/Swiftly.entitlements;
				CODE_SIGN_STYLE = Automatic;
				CURRENT_PROJECT_VERSION = 1;
				DEVELOPMENT_ASSET_PATHS = "\"Swiftly/Preview Content\"";
				DEVELOPMENT_TEAM = A7Q83J6LR4;
				ENABLE_HARDENED_RUNTIME = YES;
				ENABLE_PREVIEWS = YES;
				GENERATE_INFOPLIST_FILE = YES;
				INFOPLIST_FILE = Swiftly/Info.plist;
				INFOPLIST_KEY_LSApplicationCategoryType = "public.app-category.travel";
				"INFOPLIST_KEY_UIApplicationSceneManifest_Generation[sdk=iphoneos*]" = YES;
				"INFOPLIST_KEY_UIApplicationSceneManifest_Generation[sdk=iphonesimulator*]" = YES;
				"INFOPLIST_KEY_UIApplicationSupportsIndirectInputEvents[sdk=iphoneos*]" = YES;
				"INFOPLIST_KEY_UIApplicationSupportsIndirectInputEvents[sdk=iphonesimulator*]" = YES;
				"INFOPLIST_KEY_UILaunchScreen_Generation[sdk=iphoneos*]" = YES;
				"INFOPLIST_KEY_UILaunchScreen_Generation[sdk=iphonesimulator*]" = YES;
				"INFOPLIST_KEY_UIStatusBarStyle[sdk=iphoneos*]" = UIStatusBarStyleDefault;
				"INFOPLIST_KEY_UIStatusBarStyle[sdk=iphonesimulator*]" = UIStatusBarStyleDefault;
				INFOPLIST_KEY_UISupportedInterfaceOrientations_iPad = "UIInterfaceOrientationPortrait UIInterfaceOrientationPortraitUpsideDown UIInterfaceOrientationLandscapeLeft UIInterfaceOrientationLandscapeRight";
				INFOPLIST_KEY_UISupportedInterfaceOrientations_iPhone = "UIInterfaceOrientationPortrait UIInterfaceOrientationLandscapeLeft UIInterfaceOrientationLandscapeRight";
				IPHONEOS_DEPLOYMENT_TARGET = 17.0;
				LD_RUNPATH_SEARCH_PATHS = "@executable_path/Frameworks";
				"LD_RUNPATH_SEARCH_PATHS[sdk=macosx*]" = "@executable_path/../Frameworks";
				MACOSX_DEPLOYMENT_TARGET = 14.0;
				MARKETING_VERSION = 1.0;
				PRODUCT_BUNDLE_IDENTIFIER = fardavide.swiftly.Swiftly;
				PRODUCT_NAME = "$(TARGET_NAME)";
				SDKROOT = auto;
				SUPPORTED_PLATFORMS = "iphoneos iphonesimulator macosx";
				SWIFT_EMIT_LOC_STRINGS = YES;
				SWIFT_VERSION = 5.0;
				TARGETED_DEVICE_FAMILY = "1,2";
			};
			name = Release;
		};
		6BD0FF442AF64E8000CC9579 /* Debug */ = {
			isa = XCBuildConfiguration;
			buildSettings = {
				ALWAYS_EMBED_SWIFT_STANDARD_LIBRARIES = YES;
				BUNDLE_LOADER = "$(TEST_HOST)";
				CODE_SIGN_STYLE = Automatic;
				CURRENT_PROJECT_VERSION = 1;
				DEVELOPMENT_TEAM = A7Q83J6LR4;
				GENERATE_INFOPLIST_FILE = YES;
				IPHONEOS_DEPLOYMENT_TARGET = 17.0;
				MACOSX_DEPLOYMENT_TARGET = 14.0;
				MARKETING_VERSION = 1.0;
				PRODUCT_BUNDLE_IDENTIFIER = fardavide.swiftly.SwiftlyTests;
				PRODUCT_NAME = "$(TARGET_NAME)";
				SDKROOT = auto;
				SUPPORTED_PLATFORMS = "iphoneos iphonesimulator macosx";
				SWIFT_EMIT_LOC_STRINGS = NO;
				SWIFT_VERSION = 5.0;
				TARGETED_DEVICE_FAMILY = "1,2";
				TEST_HOST = "$(BUILT_PRODUCTS_DIR)/Swiftly.app/$(BUNDLE_EXECUTABLE_FOLDER_PATH)/Swiftly";
			};
			name = Debug;
		};
		6BD0FF452AF64E8000CC9579 /* Release */ = {
			isa = XCBuildConfiguration;
			buildSettings = {
				ALWAYS_EMBED_SWIFT_STANDARD_LIBRARIES = YES;
				BUNDLE_LOADER = "$(TEST_HOST)";
				CODE_SIGN_STYLE = Automatic;
				CURRENT_PROJECT_VERSION = 1;
				DEVELOPMENT_TEAM = A7Q83J6LR4;
				GENERATE_INFOPLIST_FILE = YES;
				IPHONEOS_DEPLOYMENT_TARGET = 17.0;
				MACOSX_DEPLOYMENT_TARGET = 14.0;
				MARKETING_VERSION = 1.0;
				PRODUCT_BUNDLE_IDENTIFIER = fardavide.swiftly.SwiftlyTests;
				PRODUCT_NAME = "$(TARGET_NAME)";
				SDKROOT = auto;
				SUPPORTED_PLATFORMS = "iphoneos iphonesimulator macosx";
				SWIFT_EMIT_LOC_STRINGS = NO;
				SWIFT_VERSION = 5.0;
				TARGETED_DEVICE_FAMILY = "1,2";
				TEST_HOST = "$(BUILT_PRODUCTS_DIR)/Swiftly.app/$(BUNDLE_EXECUTABLE_FOLDER_PATH)/Swiftly";
			};
			name = Release;
		};
		6BD0FF472AF64E8000CC9579 /* Debug */ = {
			isa = XCBuildConfiguration;
			buildSettings = {
				ALWAYS_EMBED_SWIFT_STANDARD_LIBRARIES = YES;
				CODE_SIGN_STYLE = Automatic;
				CURRENT_PROJECT_VERSION = 1;
				DEVELOPMENT_TEAM = A7Q83J6LR4;
				GENERATE_INFOPLIST_FILE = YES;
				IPHONEOS_DEPLOYMENT_TARGET = 17.0;
				MACOSX_DEPLOYMENT_TARGET = 14.0;
				MARKETING_VERSION = 1.0;
				PRODUCT_BUNDLE_IDENTIFIER = fardavide.swiftly.SwiftlyUITests;
				PRODUCT_NAME = "$(TARGET_NAME)";
				SDKROOT = auto;
				SUPPORTED_PLATFORMS = "iphoneos iphonesimulator macosx";
				SWIFT_EMIT_LOC_STRINGS = NO;
				SWIFT_VERSION = 5.0;
				TARGETED_DEVICE_FAMILY = "1,2";
				TEST_TARGET_NAME = Swiftly;
			};
			name = Debug;
		};
		6BD0FF482AF64E8000CC9579 /* Release */ = {
			isa = XCBuildConfiguration;
			buildSettings = {
				ALWAYS_EMBED_SWIFT_STANDARD_LIBRARIES = YES;
				CODE_SIGN_STYLE = Automatic;
				CURRENT_PROJECT_VERSION = 1;
				DEVELOPMENT_TEAM = A7Q83J6LR4;
				GENERATE_INFOPLIST_FILE = YES;
				IPHONEOS_DEPLOYMENT_TARGET = 17.0;
				MACOSX_DEPLOYMENT_TARGET = 14.0;
				MARKETING_VERSION = 1.0;
				PRODUCT_BUNDLE_IDENTIFIER = fardavide.swiftly.SwiftlyUITests;
				PRODUCT_NAME = "$(TARGET_NAME)";
				SDKROOT = auto;
				SUPPORTED_PLATFORMS = "iphoneos iphonesimulator macosx";
				SWIFT_EMIT_LOC_STRINGS = NO;
				SWIFT_VERSION = 5.0;
				TARGETED_DEVICE_FAMILY = "1,2";
				TEST_TARGET_NAME = Swiftly;
			};
			name = Release;
		};
/* End XCBuildConfiguration section */

/* Begin XCConfigurationList section */
		6BD0FF162AF64E7F00CC9579 /* Build configuration list for PBXProject "Swiftly" */ = {
			isa = XCConfigurationList;
			buildConfigurations = (
				6BD0FF3E2AF64E8000CC9579 /* Debug */,
				6BD0FF3F2AF64E8000CC9579 /* Release */,
			);
			defaultConfigurationIsVisible = 0;
			defaultConfigurationName = Release;
		};
		6BD0FF402AF64E8000CC9579 /* Build configuration list for PBXNativeTarget "Swiftly" */ = {
			isa = XCConfigurationList;
			buildConfigurations = (
				6BD0FF412AF64E8000CC9579 /* Debug */,
				6BD0FF422AF64E8000CC9579 /* Release */,
			);
			defaultConfigurationIsVisible = 0;
			defaultConfigurationName = Release;
		};
		6BD0FF432AF64E8000CC9579 /* Build configuration list for PBXNativeTarget "SwiftlyTests" */ = {
			isa = XCConfigurationList;
			buildConfigurations = (
				6BD0FF442AF64E8000CC9579 /* Debug */,
				6BD0FF452AF64E8000CC9579 /* Release */,
			);
			defaultConfigurationIsVisible = 0;
			defaultConfigurationName = Release;
		};
		6BD0FF462AF64E8000CC9579 /* Build configuration list for PBXNativeTarget "SwiftlyUITests" */ = {
			isa = XCConfigurationList;
			buildConfigurations = (
				6BD0FF472AF64E8000CC9579 /* Debug */,
				6BD0FF482AF64E8000CC9579 /* Release */,
			);
			defaultConfigurationIsVisible = 0;
			defaultConfigurationName = Release;
		};
/* End XCConfigurationList section */

/* Begin XCLocalSwiftPackageReference section */
		6BD0FF4F2AF6696700CC9579 /* XCLocalSwiftPackageReference "Core" */ = {
			isa = XCLocalSwiftPackageReference;
			relativePath = Core;
		};
/* End XCLocalSwiftPackageReference section */

/* Begin XCRemoteSwiftPackageReference section */
		6BD0FF542AF6C77C00CC9579 /* XCRemoteSwiftPackageReference "Nuke" */ = {
			isa = XCRemoteSwiftPackageReference;
			repositoryURL = "https://github.com/kean/Nuke";
			requirement = {
				kind = upToNextMajorVersion;
				minimumVersion = 12.1.6;
			};
		};
/* End XCRemoteSwiftPackageReference section */

/* Begin XCSwiftPackageProductDependency section */
		6B5F9C982AF8078100CBFD19 /* NukeExtensions */ = {
			isa = XCSwiftPackageProductDependency;
			package = 6BD0FF542AF6C77C00CC9579 /* XCRemoteSwiftPackageReference "Nuke" */;
			productName = NukeExtensions;
		};
		6BD0FF4D2AF668BC00CC9579 /* Core */ = {
			isa = XCSwiftPackageProductDependency;
			productName = Core;
		};
		6BD0FF502AF6696700CC9579 /* Core */ = {
			isa = XCSwiftPackageProductDependency;
			productName = Core;
		};
		6BD0FF552AF6C77C00CC9579 /* Nuke */ = {
			isa = XCSwiftPackageProductDependency;
			package = 6BD0FF542AF6C77C00CC9579 /* XCRemoteSwiftPackageReference "Nuke" */;
			productName = Nuke;
		};
		6BD0FF592AF6C77C00CC9579 /* NukeUI */ = {
			isa = XCSwiftPackageProductDependency;
			package = 6BD0FF542AF6C77C00CC9579 /* XCRemoteSwiftPackageReference "Nuke" */;
			productName = NukeUI;
		};
/* End XCSwiftPackageProductDependency section */
	};
	rootObject = 6BD0FF132AF64E7F00CC9579 /* Project object */;
}
